
Microsoft Visual Studio Solution File, Format Version 12.00
# Visual Studio Version 17
VisualStudioVersion = 17.7.34031.279
MinimumVisualStudioVersion = 10.0.40219.1
Project("{9A19103F-16F7-4668-BE54-9A1E7A4F7556}") = "AccesoDatos", "AccesoDatos\AccesoDatos.csproj", "{AE56C51E-39B1-4D57-9010-31E7DA4F6B73}"
EndProject
Project("{FAE04EC0-301F-11D3-BF4B-00C04F79EFBC}") = "WebApi", "WebApi\WebApi.csproj", "{3C6A585C-ACD7-4C28-99C4-FAFA8342B9FC}"
EndProject
Global
	GlobalSection(SolutionConfigurationPlatforms) = preSolution
		Debug|Any CPU = Debug|Any CPU
		Release|Any CPU = Release|Any CPU
	EndGlobalSection
	GlobalSection(ProjectConfigurationPlatforms) = postSolution
		{AE56C51E-39B1-4D57-9010-31E7DA4F6B73}.Debug|Any CPU.ActiveCfg = Debug|Any CPU
		{AE56C51E-39B1-4D57-9010-31E7DA4F6B73}.Debug|Any CPU.Build.0 = Debug|Any CPU
		{AE56C51E-39B1-4D57-9010-31E7DA4F6B73}.Release|Any CPU.ActiveCfg = Release|Any CPU
		{AE56C51E-39B1-4D57-9010-31E7DA4F6B73}.Release|Any CPU.Build.0 = Release|Any CPU
		{3C6A585C-ACD7-4C28-99C4-FAFA8342B9FC}.Debug|Any CPU.ActiveCfg = Debug|Any CPU
		{3C6A585C-ACD7-4C28-99C4-FAFA8342B9FC}.Debug|Any CPU.Build.0 = Debug|Any CPU
		{3C6A585C-ACD7-4C28-99C4-FAFA8342B9FC}.Release|Any CPU.ActiveCfg = Release|Any CPU
		{3C6A585C-ACD7-4C28-99C4-FAFA8342B9FC}.Release|Any CPU.Build.0 = Release|Any CPU
	EndGlobalSection
	GlobalSection(SolutionProperties) = preSolution
		HideSolutionNode = FALSE
	EndGlobalSection
	GlobalSection(ExtensibilityGlobals) = postSolution
		SolutionGuid = {DD28EF90-CB54-4F5A-98AD-8D76955366AF}
	EndGlobalSection
EndGlobal
